
Microsoft Visual Studio Solution File, Format Version 12.00
# Visual Studio Version 16
VisualStudioVersion = 16.0.29728.190
MinimumVisualStudioVersion = 10.0.40219.1
Project("{FAE04EC0-301F-11D3-BF4B-00C04F79EFBC}") = "FightingSimulation", "FightingSimulation\FightingSimulation.csproj", "{FF74E64D-52E6-4376-84E7-24FDBE92A46B}"
EndProject
Global
	GlobalSection(SolutionConfigurationPlatforms) = preSolution
		Debug|Any CPU = Debug|Any CPU
		Release|Any CPU = Release|Any CPU
	EndGlobalSection
	GlobalSection(ProjectConfigurationPlatforms) = postSolution
		{FF74E64D-52E6-4376-84E7-24FDBE92A46B}.Debug|Any CPU.ActiveCfg = Debug|Any CPU
		{FF74E64D-52E6-4376-84E7-24FDBE92A46B}.Debug|Any CPU.Build.0 = Debug|Any CPU
		{FF74E64D-52E6-4376-84E7-24FDBE92A46B}.Release|Any CPU.ActiveCfg = Release|Any CPU
		{FF74E64D-52E6-4376-84E7-24FDBE92A46B}.Release|Any CPU.Build.0 = Release|Any CPU
	EndGlobalSection
	GlobalSection(SolutionProperties) = preSolution
		HideSolutionNode = FALSE
	EndGlobalSection
	GlobalSection(ExtensibilityGlobals) = postSolution
		SolutionGuid = {4074F2BC-8FEA-43C6-AA33-153CEC3E82B6}
	EndGlobalSection
EndGlobal
